// !$*UTF8*$!
{
	archiveVersion = 1;
	classes = {
	};
	objectVersion = 50;
	objects = {

/* Begin PBXBuildFile section */
		08C3A9CB2250BC7700F334C5 /* AppDelegate.swift in Sources */ = {isa = PBXBuildFile; fileRef = 08C3A9CA2250BC7700F334C5 /* AppDelegate.swift */; };
		08C3A9CD2250BC7700F334C5 /* ViewController.swift in Sources */ = {isa = PBXBuildFile; fileRef = 08C3A9CC2250BC7700F334C5 /* ViewController.swift */; };
		08C3A9D02250BC7700F334C5 /* Main.storyboard in Resources */ = {isa = PBXBuildFile; fileRef = 08C3A9CE2250BC7700F334C5 /* Main.storyboard */; };
		08C3A9D22250BC7800F334C5 /* Assets.xcassets in Resources */ = {isa = PBXBuildFile; fileRef = 08C3A9D12250BC7800F334C5 /* Assets.xcassets */; };
		08C3A9D52250BC7800F334C5 /* LaunchScreen.storyboard in Resources */ = {isa = PBXBuildFile; fileRef = 08C3A9D32250BC7800F334C5 /* LaunchScreen.storyboard */; };
		08C3A9E02250BC7800F334C5 /* WordListTests.swift in Sources */ = {isa = PBXBuildFile; fileRef = 08C3A9DF2250BC7800F334C5 /* WordListTests.swift */; };
		08C3A9EB2250BC7800F334C5 /* WordListUITests.swift in Sources */ = {isa = PBXBuildFile; fileRef = 08C3A9EA2250BC7800F334C5 /* WordListUITests.swift */; };
		08C3A9FC2250BDE300F334C5 /* word_blank.png in Resources */ = {isa = PBXBuildFile; fileRef = 08C3A9F92250BDE300F334C5 /* word_blank.png */; };
		08C3A9FD2250BDE300F334C5 /* fin.png in Resources */ = {isa = PBXBuildFile; fileRef = 08C3A9FA2250BDE300F334C5 /* fin.png */; };
		08C3A9FE2250BDE300F334C5 /* title_logo.png in Resources */ = {isa = PBXBuildFile; fileRef = 08C3A9FB2250BDE300F334C5 /* title_logo.png */; };
/* End PBXBuildFile section */

/* Begin PBXContainerItemProxy section */
		08C3A9DC2250BC7800F334C5 /* PBXContainerItemProxy */ = {
			isa = PBXContainerItemProxy;
			containerPortal = 08C3A9BF2250BC7700F334C5 /* Project object */;
			proxyType = 1;
			remoteGlobalIDString = 08C3A9C62250BC7700F334C5;
			remoteInfo = WordList;
		};
		08C3A9E72250BC7800F334C5 /* PBXContainerItemProxy */ = {
			isa = PBXContainerItemProxy;
			containerPortal = 08C3A9BF2250BC7700F334C5 /* Project object */;
			proxyType = 1;
			remoteGlobalIDString = 08C3A9C62250BC7700F334C5;
			remoteInfo = WordList;
		};
/* End PBXContainerItemProxy section */

/* Begin PBXFileReference section */
		08C3A9C72250BC7700F334C5 /* WordList.app */ = {isa = PBXFileReference; explicitFileType = wrapper.application; includeInIndex = 0; path = WordList.app; sourceTree = BUILT_PRODUCTS_DIR; };
		08C3A9CA2250BC7700F334C5 /* AppDelegate.swift */ = {isa = PBXFileReference; lastKnownFileType = sourcecode.swift; path = AppDelegate.swift; sourceTree = "<group>"; };
		08C3A9CC2250BC7700F334C5 /* ViewController.swift */ = {isa = PBXFileReference; lastKnownFileType = sourcecode.swift; path = ViewController.swift; sourceTree = "<group>"; };
		08C3A9CF2250BC7700F334C5 /* Base */ = {isa = PBXFileReference; lastKnownFileType = file.storyboard; name = Base; path = Base.lproj/Main.storyboard; sourceTree = "<group>"; };
		08C3A9D12250BC7800F334C5 /* Assets.xcassets */ = {isa = PBXFileReference; lastKnownFileType = folder.assetcatalog; path = Assets.xcassets; sourceTree = "<group>"; };
		08C3A9D42250BC7800F334C5 /* Base */ = {isa = PBXFileReference; lastKnownFileType = file.storyboard; name = Base; path = Base.lproj/LaunchScreen.storyboard; sourceTree = "<group>"; };
		08C3A9D62250BC7800F334C5 /* Info.plist */ = {isa = PBXFileReference; lastKnownFileType = text.plist.xml; path = Info.plist; sourceTree = "<group>"; };
		08C3A9DB2250BC7800F334C5 /* WordListTests.xctest */ = {isa = PBXFileReference; explicitFileType = wrapper.cfbundle; includeInIndex = 0; path = WordListTests.xctest; sourceTree = BUILT_PRODUCTS_DIR; };
		08C3A9DF2250BC7800F334C5 /* WordListTests.swift */ = {isa = PBXFileReference; lastKnownFileType = sourcecode.swift; path = WordListTests.swift; sourceTree = "<group>"; };
		08C3A9E12250BC7800F334C5 /* Info.plist */ = {isa = PBXFileReference; lastKnownFileType = text.plist.xml; path = Info.plist; sourceTree = "<group>"; };
		08C3A9E62250BC7800F334C5 /* WordListUITests.xctest */ = {isa = PBXFileReference; explicitFileType = wrapper.cfbundle; includeInIndex = 0; path = WordListUITests.xctest; sourceTree = BUILT_PRODUCTS_DIR; };
		08C3A9EA2250BC7800F334C5 /* WordListUITests.swift */ = {isa = PBXFileReference; lastKnownFileType = sourcecode.swift; path = WordListUITests.swift; sourceTree = "<group>"; };
		08C3A9EC2250BC7800F334C5 /* Info.plist */ = {isa = PBXFileReference; lastKnownFileType = text.plist.xml; path = Info.plist; sourceTree = "<group>"; };
		08C3A9F92250BDE300F334C5 /* word_blank.png */ = {isa = PBXFileReference; lastKnownFileType = image.png; path = word_blank.png; sourceTree = "<group>"; };
		08C3A9FA2250BDE300F334C5 /* fin.png */ = {isa = PBXFileReference; lastKnownFileType = image.png; path = fin.png; sourceTree = "<group>"; };
		08C3A9FB2250BDE300F334C5 /* title_logo.png */ = {isa = PBXFileReference; lastKnownFileType = image.png; path = title_logo.png; sourceTree = "<group>"; };
/* End PBXFileReference section */

/* Begin PBXFrameworksBuildPhase section */
		08C3A9C42250BC7700F334C5 /* Frameworks */ = {
			isa = PBXFrameworksBuildPhase;
			buildActionMask = 2147483647;
			files = (
			);
			runOnlyForDeploymentPostprocessing = 0;
		};
		08C3A9D82250BC7800F334C5 /* Frameworks */ = {
			isa = PBXFrameworksBuildPhase;
			buildActionMask = 2147483647;
			files = (
			);
			runOnlyForDeploymentPostprocessing = 0;
		};
		08C3A9E32250BC7800F334C5 /* Frameworks */ = {
			isa = PBXFrameworksBuildPhase;
			buildActionMask = 2147483647;
			files = (
			);
			runOnlyForDeploymentPostprocessing = 0;
		};
/* End PBXFrameworksBuildPhase section */

/* Begin PBXGroup section */
		08C3A9BE2250BC7700F334C5 = {
			isa = PBXGroup;
			children = (
				08C3A9C92250BC7700F334C5 /* WordList */,
				08C3A9DE2250BC7800F334C5 /* WordListTests */,
				08C3A9E92250BC7800F334C5 /* WordListUITests */,
				08C3A9C82250BC7700F334C5 /* Products */,
			);
			sourceTree = "<group>";
		};
		08C3A9C82250BC7700F334C5 /* Products */ = {
			isa = PBXGroup;
			children = (
				08C3A9C72250BC7700F334C5 /* WordList.app */,
				08C3A9DB2250BC7800F334C5 /* WordListTests.xctest */,
				08C3A9E62250BC7800F334C5 /* WordListUITests.xctest */,
			);
			name = Products;
			sourceTree = "<group>";
		};
		08C3A9C92250BC7700F334C5 /* WordList */ = {
			isa = PBXGroup;
			children = (
				08C3A9CA2250BC7700F334C5 /* AppDelegate.swift */,
				08C3A9CC2250BC7700F334C5 /* ViewController.swift */,
				08C3A9CE2250BC7700F334C5 /* Main.storyboard */,
				08C3A9F82250BDE300F334C5 /* WordList素材 */,
				08C3A9D12250BC7800F334C5 /* Assets.xcassets */,
				08C3A9D32250BC7800F334C5 /* LaunchScreen.storyboard */,
				08C3A9D62250BC7800F334C5 /* Info.plist */,
			);
			path = WordList;
			sourceTree = "<group>";
		};
		08C3A9DE2250BC7800F334C5 /* WordListTests */ = {
			isa = PBXGroup;
			children = (
				08C3A9DF2250BC7800F334C5 /* WordListTests.swift */,
				08C3A9E12250BC7800F334C5 /* Info.plist */,
			);
			path = WordListTests;
			sourceTree = "<group>";
		};
		08C3A9E92250BC7800F334C5 /* WordListUITests */ = {
			isa = PBXGroup;
			children = (
				08C3A9EA2250BC7800F334C5 /* WordListUITests.swift */,
				08C3A9EC2250BC7800F334C5 /* Info.plist */,
			);
			path = WordListUITests;
			sourceTree = "<group>";
		};
		08C3A9F82250BDE300F334C5 /* WordList素材 */ = {
			isa = PBXGroup;
			children = (
				08C3A9F92250BDE300F334C5 /* word_blank.png */,
				08C3A9FA2250BDE300F334C5 /* fin.png */,
				08C3A9FB2250BDE300F334C5 /* title_logo.png */,
			);
			path = "WordList素材";
			sourceTree = "<group>";
		};
/* End PBXGroup section */

/* Begin PBXNativeTarget section */
		08C3A9C62250BC7700F334C5 /* WordList */ = {
			isa = PBXNativeTarget;
			buildConfigurationList = 08C3A9EF2250BC7800F334C5 /* Build configuration list for PBXNativeTarget "WordList" */;
			buildPhases = (
				08C3A9C32250BC7700F334C5 /* Sources */,
				08C3A9C42250BC7700F334C5 /* Frameworks */,
				08C3A9C52250BC7700F334C5 /* Resources */,
			);
			buildRules = (
			);
			dependencies = (
			);
			name = WordList;
			productName = WordList;
			productReference = 08C3A9C72250BC7700F334C5 /* WordList.app */;
			productType = "com.apple.product-type.application";
		};
		08C3A9DA2250BC7800F334C5 /* WordListTests */ = {
			isa = PBXNativeTarget;
			buildConfigurationList = 08C3A9F22250BC7800F334C5 /* Build configuration list for PBXNativeTarget "WordListTests" */;
			buildPhases = (
				08C3A9D72250BC7800F334C5 /* Sources */,
				08C3A9D82250BC7800F334C5 /* Frameworks */,
				08C3A9D92250BC7800F334C5 /* Resources */,
			);
			buildRules = (
			);
			dependencies = (
				08C3A9DD2250BC7800F334C5 /* PBXTargetDependency */,
			);
			name = WordListTests;
			productName = WordListTests;
			productReference = 08C3A9DB2250BC7800F334C5 /* WordListTests.xctest */;
			productType = "com.apple.product-type.bundle.unit-test";
		};
		08C3A9E52250BC7800F334C5 /* WordListUITests */ = {
			isa = PBXNativeTarget;
			buildConfigurationList = 08C3A9F52250BC7800F334C5 /* Build configuration list for PBXNativeTarget "WordListUITests" */;
			buildPhases = (
				08C3A9E22250BC7800F334C5 /* Sources */,
				08C3A9E32250BC7800F334C5 /* Frameworks */,
				08C3A9E42250BC7800F334C5 /* Resources */,
			);
			buildRules = (
			);
			dependencies = (
				08C3A9E82250BC7800F334C5 /* PBXTargetDependency */,
			);
			name = WordListUITests;
			productName = WordListUITests;
			productReference = 08C3A9E62250BC7800F334C5 /* WordListUITests.xctest */;
			productType = "com.apple.product-type.bundle.ui-testing";
		};
/* End PBXNativeTarget section */

/* Begin PBXProject section */
		08C3A9BF2250BC7700F334C5 /* Project object */ = {
			isa = PBXProject;
			attributes = {
				LastSwiftUpdateCheck = 1010;
				LastUpgradeCheck = 1010;
				ORGANIZATIONNAME = litech;
				TargetAttributes = {
					08C3A9C62250BC7700F334C5 = {
						CreatedOnToolsVersion = 10.1;
					};
					08C3A9DA2250BC7800F334C5 = {
						CreatedOnToolsVersion = 10.1;
						TestTargetID = 08C3A9C62250BC7700F334C5;
					};
					08C3A9E52250BC7800F334C5 = {
						CreatedOnToolsVersion = 10.1;
						TestTargetID = 08C3A9C62250BC7700F334C5;
					};
				};
			};
			buildConfigurationList = 08C3A9C22250BC7700F334C5 /* Build configuration list for PBXProject "WordList" */;
			compatibilityVersion = "Xcode 9.3";
			developmentRegion = en;
			hasScannedForEncodings = 0;
			knownRegions = (
				en,
				Base,
			);
			mainGroup = 08C3A9BE2250BC7700F334C5;
			productRefGroup = 08C3A9C82250BC7700F334C5 /* Products */;
			projectDirPath = "";
			projectRoot = "";
			targets = (
				08C3A9C62250BC7700F334C5 /* WordList */,
				08C3A9DA2250BC7800F334C5 /* WordListTests */,
				08C3A9E52250BC7800F334C5 /* WordListUITests */,
			);
		};
/* End PBXProject section */

/* Begin PBXResourcesBuildPhase section */
		08C3A9C52250BC7700F334C5 /* Resources */ = {
			isa = PBXResourcesBuildPhase;
			buildActionMask = 2147483647;
			files = (
				08C3A9FC2250BDE300F334C5 /* word_blank.png in Resources */,
				08C3A9FE2250BDE300F334C5 /* title_logo.png in Resources */,
				08C3A9D52250BC7800F334C5 /* LaunchScreen.storyboard in Resources */,
				08C3A9D22250BC7800F334C5 /* Assets.xcassets in Resources */,
				08C3A9FD2250BDE300F334C5 /* fin.png in Resources */,
				08C3A9D02250BC7700F334C5 /* Main.storyboard in Resources */,
			);
			runOnlyForDeploymentPostprocessing = 0;
		};
		08C3A9D92250BC7800F334C5 /* Resources */ = {
			isa = PBXResourcesBuildPhase;
			buildActionMask = 2147483647;
			files = (
			);
			runOnlyForDeploymentPostprocessing = 0;
		};
		08C3A9E42250BC7800F334C5 /* Resources */ = {
			isa = PBXResourcesBuildPhase;
			buildActionMask = 2147483647;
			files = (
			);
			runOnlyForDeploymentPostprocessing = 0;
		};
/* End PBXResourcesBuildPhase section */

/* Begin PBXSourcesBuildPhase section */
		08C3A9C32250BC7700F334C5 /* Sources */ = {
			isa = PBXSourcesBuildPhase;
			buildActionMask = 2147483647;
			files = (
				08C3A9CD2250BC7700F334C5 /* ViewController.swift in Sources */,
				08C3A9CB2250BC7700F334C5 /* AppDelegate.swift in Sources */,
			);
			runOnlyForDeploymentPostprocessing = 0;
		};
		08C3A9D72250BC7800F334C5 /* Sources */ = {
			isa = PBXSourcesBuildPhase;
			buildActionMask = 2147483647;
			files = (
				08C3A9E02250BC7800F334C5 /* WordListTests.swift in Sources */,
			);
			runOnlyForDeploymentPostprocessing = 0;
		};
		08C3A9E22250BC7800F334C5 /* Sources */ = {
			isa = PBXSourcesBuildPhase;
			buildActionMask = 2147483647;
			files = (
				08C3A9EB2250BC7800F334C5 /* WordListUITests.swift in Sources */,
			);
			runOnlyForDeploymentPostprocessing = 0;
		};
/* End PBXSourcesBuildPhase section */

/* Begin PBXTargetDependency section */
		08C3A9DD2250BC7800F334C5 /* PBXTargetDependency */ = {
			isa = PBXTargetDependency;
			target = 08C3A9C62250BC7700F334C5 /* WordList */;
			targetProxy = 08C3A9DC2250BC7800F334C5 /* PBXContainerItemProxy */;
		};
		08C3A9E82250BC7800F334C5 /* PBXTargetDependency */ = {
			isa = PBXTargetDependency;
			target = 08C3A9C62250BC7700F334C5 /* WordList */;
			targetProxy = 08C3A9E72250BC7800F334C5 /* PBXContainerItemProxy */;
		};
/* End PBXTargetDependency section */

/* Begin PBXVariantGroup section */
		08C3A9CE2250BC7700F334C5 /* Main.storyboard */ = {
			isa = PBXVariantGroup;
			children = (
				08C3A9CF2250BC7700F334C5 /* Base */,
			);
			name = Main.storyboard;
			sourceTree = "<group>";
		};
		08C3A9D32250BC7800F334C5 /* LaunchScreen.storyboard */ = {
			isa = PBXVariantGroup;
			children = (
				08C3A9D42250BC7800F334C5 /* Base */,
			);
			name = LaunchScreen.storyboard;
			sourceTree = "<group>";
		};
/* End PBXVariantGroup section */

/* Begin XCBuildConfiguration section */
		08C3A9ED2250BC7800F334C5 /* Debug */ = {
			isa = XCBuildConfiguration;
			buildSettings = {
				ALWAYS_SEARCH_USER_PATHS = NO;
				CLANG_ANALYZER_NONNULL = YES;
				CLANG_ANALYZER_NUMBER_OBJECT_CONVERSION = YES_AGGRESSIVE;
				CLANG_CXX_LANGUAGE_STANDARD = "gnu++14";
				CLANG_CXX_LIBRARY = "libc++";
				CLANG_ENABLE_MODULES = YES;
				CLANG_ENABLE_OBJC_ARC = YES;
				CLANG_ENABLE_OBJC_WEAK = YES;
				CLANG_WARN_BLOCK_CAPTURE_AUTORELEASING = YES;
				CLANG_WARN_BOOL_CONVERSION = YES;
				CLANG_WARN_COMMA = YES;
				CLANG_WARN_CONSTANT_CONVERSION = YES;
				CLANG_WARN_DEPRECATED_OBJC_IMPLEMENTATIONS = YES;
				CLANG_WARN_DIRECT_OBJC_ISA_USAGE = YES_ERROR;
				CLANG_WARN_DOCUMENTATION_COMMENTS = YES;
				CLANG_WARN_EMPTY_BODY = YES;
				CLANG_WARN_ENUM_CONVERSION = YES;
				CLANG_WARN_INFINITE_RECURSION = YES;
				CLANG_WARN_INT_CONVERSION = YES;
				CLANG_WARN_NON_LITERAL_NULL_CONVERSION = YES;
				CLANG_WARN_OBJC_IMPLICIT_RETAIN_SELF = YES;
				CLANG_WARN_OBJC_LITERAL_CONVERSION = YES;
				CLANG_WARN_OBJC_ROOT_CLASS = YES_ERROR;
				CLANG_WARN_RANGE_LOOP_ANALYSIS = YES;
				CLANG_WARN_STRICT_PROTOTYPES = YES;
				CLANG_WARN_SUSPICIOUS_MOVE = YES;
				CLANG_WARN_UNGUARDED_AVAILABILITY = YES_AGGRESSIVE;
				CLANG_WARN_UNREACHABLE_CODE = YES;
				CLANG_WARN__DUPLICATE_METHOD_MATCH = YES;
				CODE_SIGN_IDENTITY = "iPhone Developer";
				COPY_PHASE_STRIP = NO;
				DEBUG_INFORMATION_FORMAT = dwarf;
				ENABLE_STRICT_OBJC_MSGSEND = YES;
				ENABLE_TESTABILITY = YES;
				GCC_C_LANGUAGE_STANDARD = gnu11;
				GCC_DYNAMIC_NO_PIC = NO;
				GCC_NO_COMMON_BLOCKS = YES;
				GCC_OPTIMIZATION_LEVEL = 0;
				GCC_PREPROCESSOR_DEFINITIONS = (
					"DEBUG=1",
					"$(inherited)",
				);
				GCC_WARN_64_TO_32_BIT_CONVERSION = YES;
				GCC_WARN_ABOUT_RETURN_TYPE = YES_ERROR;
				GCC_WARN_UNDECLARED_SELECTOR = YES;
				GCC_WARN_UNINITIALIZED_AUTOS = YES_AGGRESSIVE;
				GCC_WARN_UNUSED_FUNCTION = YES;
				GCC_WARN_UNUSED_VARIABLE = YES;
				IPHONEOS_DEPLOYMENT_TARGET = 12.1;
				MTL_ENABLE_DEBUG_INFO = INCLUDE_SOURCE;
				MTL_FAST_MATH = YES;
				ONLY_ACTIVE_ARCH = YES;
				SDKROOT = iphoneos;
				SWIFT_ACTIVE_COMPILATION_CONDITIONS = DEBUG;
				SWIFT_OPTIMIZATION_LEVEL = "-Onone";
			};
			name = Debug;
		};
		08C3A9EE2250BC7800F334C5 /* Release */ = {
			isa = XCBuildConfiguration;
			buildSettings = {
				ALWAYS_SEARCH_USER_PATHS = NO;
				CLANG_ANALYZER_NONNULL = YES;
				CLANG_ANALYZER_NUMBER_OBJECT_CONVERSION = YES_AGGRESSIVE;
				CLANG_CXX_LANGUAGE_STANDARD = "gnu++14";
				CLANG_CXX_LIBRARY = "libc++";
				CLANG_ENABLE_MODULES = YES;
				CLANG_ENABLE_OBJC_ARC = YES;
				CLANG_ENABLE_OBJC_WEAK = YES;
				CLANG_WARN_BLOCK_CAPTURE_AUTORELEASING = YES;
				CLANG_WARN_BOOL_CONVERSION = YES;
				CLANG_WARN_COMMA = YES;
				CLANG_WARN_CONSTANT_CONVERSION = YES;
				CLANG_WARN_DEPRECATED_OBJC_IMPLEMENTATIONS = YES;
				CLANG_WARN_DIRECT_OBJC_ISA_USAGE = YES_ERROR;
				CLANG_WARN_DOCUMENTATION_COMMENTS = YES;
				CLANG_WARN_EMPTY_BODY = YES;
				CLANG_WARN_ENUM_CONVERSION = YES;
				CLANG_WARN_INFINITE_RECURSION = YES;
				CLANG_WARN_INT_CONVERSION = YES;
				CLANG_WARN_NON_LITERAL_NULL_CONVERSION = YES;
				CLANG_WARN_OBJC_IMPLICIT_RETAIN_SELF = YES;
				CLANG_WARN_OBJC_LITERAL_CONVERSION = YES;
				CLANG_WARN_OBJC_ROOT_CLASS = YES_ERROR;
				CLANG_WARN_RANGE_LOOP_ANALYSIS = YES;
				CLANG_WARN_STRICT_PROTOTYPES = YES;
				CLANG_WARN_SUSPICIOUS_MOVE = YES;
				CLANG_WARN_UNGUARDED_AVAILABILITY = YES_AGGRESSIVE;
				CLANG_WARN_UNREACHABLE_CODE = YES;
				CLANG_WARN__DUPLICATE_METHOD_MATCH = YES;
				CODE_SIGN_IDENTITY = "iPhone Developer";
				COPY_PHASE_STRIP = NO;
				DEBUG_INFORMATION_FORMAT = "dwarf-with-dsym";
				ENABLE_NS_ASSERTIONS = NO;
				ENABLE_STRICT_OBJC_MSGSEND = YES;
				GCC_C_LANGUAGE_STANDARD = gnu11;
				GCC_NO_COMMON_BLOCKS = YES;
				GCC_WARN_64_TO_32_BIT_CONVERSION = YES;
				GCC_WARN_ABOUT_RETURN_TYPE = YES_ERROR;
				GCC_WARN_UNDECLARED_SELECTOR = YES;
				GCC_WARN_UNINITIALIZED_AUTOS = YES_AGGRESSIVE;
				GCC_WARN_UNUSED_FUNCTION = YES;
				GCC_WARN_UNUSED_VARIABLE = YES;
				IPHONEOS_DEPLOYMENT_TARGET = 12.1;
				MTL_ENABLE_DEBUG_INFO = NO;
				MTL_FAST_MATH = YES;
				SDKROOT = iphoneos;
				SWIFT_COMPILATION_MODE = wholemodule;
				SWIFT_OPTIMIZATION_LEVEL = "-O";
				VALIDATE_PRODUCT = YES;
			};
			name = Release;
		};
		08C3A9F02250BC7800F334C5 /* Debug */ = {
			isa = XCBuildConfiguration;
			buildSettings = {
				ASSETCATALOG_COMPILER_APPICON_NAME = AppIcon;
				CODE_SIGN_STYLE = Automatic;
				INFOPLIST_FILE = WordList/Info.plist;
				LD_RUNPATH_SEARCH_PATHS = (
					"$(inherited)",
					"@executable_path/Frameworks",
				);
				PRODUCT_BUNDLE_IDENTIFIER = com.litech.WordList;
				PRODUCT_NAME = "$(TARGET_NAME)";
				SWIFT_VERSION = 4.2;
				TARGETED_DEVICE_FAMILY = "1,2";
			};
			name = Debug;
		};
		08C3A9F12250BC7800F334C5 /* Release */ = {
			isa = XCBuildConfiguration;
			buildSettings = {
				ASSETCATALOG_COMPILER_APPICON_NAME = AppIcon;
				CODE_SIGN_STYLE = Automatic;
				INFOPLIST_FILE = WordList/Info.plist;
				LD_RUNPATH_SEARCH_PATHS = (
					"$(inherited)",
					"@executable_path/Frameworks",
				);
				PRODUCT_BUNDLE_IDENTIFIER = com.litech.WordList;
				PRODUCT_NAME = "$(TARGET_NAME)";
				SWIFT_VERSION = 4.2;
				TARGETED_DEVICE_FAMILY = "1,2";
			};
			name = Release;
		};
		08C3A9F32250BC7800F334C5 /* Debug */ = {
			isa = XCBuildConfiguration;
			buildSettings = {
				ALWAYS_EMBED_SWIFT_STANDARD_LIBRARIES = YES;
				BUNDLE_LOADER = "$(TEST_HOST)";
				CODE_SIGN_STYLE = Automatic;
				INFOPLIST_FILE = WordListTests/Info.plist;
				LD_RUNPATH_SEARCH_PATHS = (
					"$(inherited)",
					"@executable_path/Frameworks",
					"@loader_path/Frameworks",
				);
				PRODUCT_BUNDLE_IDENTIFIER = com.litech.WordListTests;
				PRODUCT_NAME = "$(TARGET_NAME)";
				SWIFT_VERSION = 4.2;
				TARGETED_DEVICE_FAMILY = "1,2";
				TEST_HOST = "$(BUILT_PRODUCTS_DIR)/WordList.app/WordList";
			};
			name = Debug;
		};
		08C3A9F42250BC7800F334C5 /* Release */ = {
			isa = XCBuildConfiguration;
			buildSettings = {
				ALWAYS_EMBED_SWIFT_STANDARD_LIBRARIES = YES;
				BUNDLE_LOADER = "$(TEST_HOST)";
				CODE_SIGN_STYLE = Automatic;
				INFOPLIST_FILE = WordListTests/Info.plist;
				LD_RUNPATH_SEARCH_PATHS = (
					"$(inherited)",
					"@executable_path/Frameworks",
					"@loader_path/Frameworks",
				);
				PRODUCT_BUNDLE_IDENTIFIER = com.litech.WordListTests;
				PRODUCT_NAME = "$(TARGET_NAME)";
				SWIFT_VERSION = 4.2;
				TARGETED_DEVICE_FAMILY = "1,2";
				TEST_HOST = "$(BUILT_PRODUCTS_DIR)/WordList.app/WordList";
			};
			name = Release;
		};
		08C3A9F62250BC7800F334C5 /* Debug */ = {
			isa = XCBuildConfiguration;
			buildSettings = {
				ALWAYS_EMBED_SWIFT_STANDARD_LIBRARIES = YES;
				CODE_SIGN_STYLE = Automatic;
				INFOPLIST_FILE = WordListUITests/Info.plist;
				LD_RUNPATH_SEARCH_PATHS = (
					"$(inherited)",
					"@executable_path/Frameworks",
					"@loader_path/Frameworks",
				);
				PRODUCT_BUNDLE_IDENTIFIER = com.litech.WordListUITests;
				PRODUCT_NAME = "$(TARGET_NAME)";
				SWIFT_VERSION = 4.2;
				TARGETED_DEVICE_FAMILY = "1,2";
				TEST_TARGET_NAME = WordList;
			};
			name = Debug;
		};
		08C3A9F72250BC7800F334C5 /* Release */ = {
			isa = XCBuildConfiguration;
			buildSettings = {
				ALWAYS_EMBED_SWIFT_STANDARD_LIBRARIES = YES;
				CODE_SIGN_STYLE = Automatic;
				INFOPLIST_FILE = WordListUITests/Info.plist;
				LD_RUNPATH_SEARCH_PATHS = (
					"$(inherited)",
					"@executable_path/Frameworks",
					"@loader_path/Frameworks",
				);
				PRODUCT_BUNDLE_IDENTIFIER = com.litech.WordListUITests;
				PRODUCT_NAME = "$(TARGET_NAME)";
				SWIFT_VERSION = 4.2;
				TARGETED_DEVICE_FAMILY = "1,2";
				TEST_TARGET_NAME = WordList;
			};
			name = Release;
		};
/* End XCBuildConfiguration section */

/* Begin XCConfigurationList section */
		08C3A9C22250BC7700F334C5 /* Build configuration list for PBXProject "WordList" */ = {
			isa = XCConfigurationList;
			buildConfigurations = (
				08C3A9ED2250BC7800F334C5 /* Debug */,
				08C3A9EE2250BC7800F334C5 /* Release */,
			);
			defaultConfigurationIsVisible = 0;
			defaultConfigurationName = Release;
		};
		08C3A9EF2250BC7800F334C5 /* Build configuration list for PBXNativeTarget "WordList" */ = {
			isa = XCConfigurationList;
			buildConfigurations = (
				08C3A9F02250BC7800F334C5 /* Debug */,
				08C3A9F12250BC7800F334C5 /* Release */,
			);
			defaultConfigurationIsVisible = 0;
			defaultConfigurationName = Release;
		};
		08C3A9F22250BC7800F334C5 /* Build configuration list for PBXNativeTarget "WordListTests" */ = {
			isa = XCConfigurationList;
			buildConfigurations = (
				08C3A9F32250BC7800F334C5 /* Debug */,
				08C3A9F42250BC7800F334C5 /* Release */,
			);
			defaultConfigurationIsVisible = 0;
			defaultConfigurationName = Release;
		};
		08C3A9F52250BC7800F334C5 /* Build configuration list for PBXNativeTarget "WordListUITests" */ = {
			isa = XCConfigurationList;
			buildConfigurations = (
				08C3A9F62250BC7800F334C5 /* Debug */,
				08C3A9F72250BC7800F334C5 /* Release */,
			);
			defaultConfigurationIsVisible = 0;
			defaultConfigurationName = Release;
		};
/* End XCConfigurationList section */
	};
	rootObject = 08C3A9BF2250BC7700F334C5 /* Project object */;
}
